{
  "name": "LOD-viewer",
  "lockfileVersion": 3,
  "requires": true,
  "packages": {
    "": {
      "dependencies": {
        "nurbs": "^1.1.1",
        "p-limit": "^6.1.0",
        "verb-nurbs": "^3.0.2"
      }
    },
    "node_modules/nurbs": {
      "version": "1.1.1",
      "resolved": "https://registry.npmmirror.com/nurbs/-/nurbs-1.1.1.tgz",
      "integrity": "sha512-BOpYb6U6yBJWD6DwkSdExdhy+RaueZno4YZtvX2oWpSVhDjImNSSSFQXlxPIQIhJR7I4nSWSo9U4fYeoxF+qnw==",
      "license": "MIT"
    },
    "node_modules/p-limit": {
      "version": "6.1.0",
      "resolved": "https://registry.npmmirror.com/p-limit/-/p-limit-6.1.0.tgz",
      "integrity": "sha512-H0jc0q1vOzlEk0TqAKXKZxdl7kX3OFUzCnNVUnq5Pc3DGo0kpeaMuPqxQn235HibwBEb0/pm9dgKTjXy66fBkg==",
      "license": "MIT",
      "dependencies": {
        "yocto-queue": "^1.1.1"
      },
      "engines": {
        "node": ">=18"
      },
      "funding": {
        "url": "https://github.com/sponsors/sindresorhus"
      }
    },
    "node_modules/verb-nurbs": {
      "version": "3.0.2",
      "resolved": "https://registry.npmmirror.com/verb-nurbs/-/verb-nurbs-3.0.2.tgz",
      "integrity": "sha512-/5W0T00okTNatRbfG1HvGyeDdT/zTbE7cgMMAS4uDfKHqULeqBakPcMMP2SdY54oR/i9j2xAGwPjCpnSB2DZzA==",
      "license": "MIT",
      "dependencies": {
        "web-worker": "^1.3.0"
      }
    },
    "node_modules/web-worker": {
      "version": "1.3.0",
      "resolved": "https://registry.npmmirror.com/web-worker/-/web-worker-1.3.0.tgz",
      "integrity": "sha512-BSR9wyRsy/KOValMgd5kMyr3JzpdeoR9KVId8u5GVlTTAtNChlsE4yTxeY7zMdNSyOmoKBv8NH2qeRY9Tg+IaA==",
      "license": "Apache-2.0"
    },
    "node_modules/yocto-queue": {
      "version": "1.1.1",
      "resolved": "https://registry.npmmirror.com/yocto-queue/-/yocto-queue-1.1.1.tgz",
      "integrity": "sha512-b4JR1PFR10y1mKjhHY9LaGo6tmrgjit7hxVIeAmyMw3jegXR4dhYqLaQF5zMXZxY7tLpMyJeLjr1C4rLmkVe8g==",
      "license": "MIT",
      "engines": {
        "node": ">=12.20"
      },
      "funding": {
        "url": "https://github.com/sponsors/sindresorhus"
      }
    }
  }
}
