{
  "name": "LOD-viewer",
  "lockfileVersion": 3,
  "requires": true,
  "packages": {
    "": {
      "dependencies": {
        "nurbs": "^1.1.1",
        "verb-nurbs": "^3.0.2"
      }
    },
    "node_modules/nurbs": {
      "version": "1.1.1",
      "resolved": "https://registry.npmmirror.com/nurbs/-/nurbs-1.1.1.tgz",
      "integrity": "sha512-BOpYb6U6yBJWD6DwkSdExdhy+RaueZno4YZtvX2oWpSVhDjImNSSSFQXlxPIQIhJR7I4nSWSo9U4fYeoxF+qnw==",
      "license": "MIT"
    },
    "node_modules/verb-nurbs": {
      "version": "3.0.2",
      "resolved": "https://registry.npmmirror.com/verb-nurbs/-/verb-nurbs-3.0.2.tgz",
      "integrity": "sha512-/5W0T00okTNatRbfG1HvGyeDdT/zTbE7cgMMAS4uDfKHqULeqBakPcMMP2SdY54oR/i9j2xAGwPjCpnSB2DZzA==",
      "license": "MIT",
      "dependencies": {
        "web-worker": "^1.3.0"
      }
    },
    "node_modules/web-worker": {
      "version": "1.3.0",
      "resolved": "https://registry.npmmirror.com/web-worker/-/web-worker-1.3.0.tgz",
      "integrity": "sha512-BSR9wyRsy/KOValMgd5kMyr3JzpdeoR9KVId8u5GVlTTAtNChlsE4yTxeY7zMdNSyOmoKBv8NH2qeRY9Tg+IaA==",
      "license": "Apache-2.0"
    }
  }
}
